
Microsoft Visual Studio Solution File, Format Version 11.00
# Visual Studio 2010
Project("{FAE04EC0-301F-11D3-BF4B-00C04F79EFBC}") = "galeriaImagenes", "galeriaImagenes\galeriaImagenes.csproj", "{AB009887-4713-4CEC-B0DA-4CAC394E4D33}"
EndProject
Global
	GlobalSection(SolutionConfigurationPlatforms) = preSolution
		Debug|Any CPU = Debug|Any CPU
		Release|Any CPU = Release|Any CPU
	EndGlobalSection
	GlobalSection(ProjectConfigurationPlatforms) = postSolution
		{AB009887-4713-4CEC-B0DA-4CAC394E4D33}.Debug|Any CPU.ActiveCfg = Debug|Any CPU
		{AB009887-4713-4CEC-B0DA-4CAC394E4D33}.Debug|Any CPU.Build.0 = Debug|Any CPU
		{AB009887-4713-4CEC-B0DA-4CAC394E4D33}.Release|Any CPU.ActiveCfg = Release|Any CPU
		{AB009887-4713-4CEC-B0DA-4CAC394E4D33}.Release|Any CPU.Build.0 = Release|Any CPU
	EndGlobalSection
	GlobalSection(SolutionProperties) = preSolution
		HideSolutionNode = FALSE
	EndGlobalSection
EndGlobal
