
Microsoft Visual Studio Solution File, Format Version 12.00
# Visual Studio 2013
VisualStudioVersion = 12.0.31101.0
MinimumVisualStudioVersion = 10.0.40219.1
Project("{FAE04EC0-301F-11D3-BF4B-00C04F79EFBC}") = "EjemploClases", "EjemploClases\EjemploClases.csproj", "{DC9E1CB0-48E5-4B5C-BAA7-CB9F0D3C4E42}"
EndProject
Global
	GlobalSection(TeamFoundationVersionControl) = preSolution
		SccNumberOfProjects = 2
		SccEnterpriseProvider = {4CA58AB2-18FA-4F8D-95D4-32DDF27D184C}
		SccTeamFoundationServer = https://wotd.visualstudio.com/defaultcollection
		SccLocalPath0 = .
		SccProjectUniqueName1 = EjemploClases\\EjemploClases.csproj
		SccProjectName1 = EjemploClases
		SccLocalPath1 = EjemploClases
	EndGlobalSection
	GlobalSection(SolutionConfigurationPlatforms) = preSolution
		Debug|Any CPU = Debug|Any CPU
		Release|Any CPU = Release|Any CPU
	EndGlobalSection
	GlobalSection(ProjectConfigurationPlatforms) = postSolution
		{DC9E1CB0-48E5-4B5C-BAA7-CB9F0D3C4E42}.Debug|Any CPU.ActiveCfg = Debug|Any CPU
		{DC9E1CB0-48E5-4B5C-BAA7-CB9F0D3C4E42}.Debug|Any CPU.Build.0 = Debug|Any CPU
		{DC9E1CB0-48E5-4B5C-BAA7-CB9F0D3C4E42}.Release|Any CPU.ActiveCfg = Release|Any CPU
		{DC9E1CB0-48E5-4B5C-BAA7-CB9F0D3C4E42}.Release|Any CPU.Build.0 = Release|Any CPU
	EndGlobalSection
	GlobalSection(SolutionProperties) = preSolution
		HideSolutionNode = FALSE
	EndGlobalSection
EndGlobal
